
Microsoft Visual Studio Solution File, Format Version 12.00
# Visual Studio Version 16
VisualStudioVersion = 16.0.30523.141
MinimumVisualStudioVersion = 10.0.40219.1
Project("{FAE04EC0-301F-11D3-BF4B-00C04F79EFBC}") = "Epstein_Ross_Polymorphism", "Epstein_Ross_Polymorphism\Epstein_Ross_Polymorphism.csproj", "{7A839B96-081C-4CA4-876F-3D2D4F085540}"
EndProject
Project("{2150E333-8FDC-42A3-9474-1A3956D46DE8}") = "Solution Items", "Solution Items", "{5F45A7B3-A096-4B4C-A643-026B2CA88000}"
EndProject
Global
	GlobalSection(SolutionConfigurationPlatforms) = preSolution
		Debug|Any CPU = Debug|Any CPU
		Release|Any CPU = Release|Any CPU
	EndGlobalSection
	GlobalSection(ProjectConfigurationPlatforms) = postSolution
		{7A839B96-081C-4CA4-876F-3D2D4F085540}.Debug|Any CPU.ActiveCfg = Debug|Any CPU
		{7A839B96-081C-4CA4-876F-3D2D4F085540}.Debug|Any CPU.Build.0 = Debug|Any CPU
		{7A839B96-081C-4CA4-876F-3D2D4F085540}.Release|Any CPU.ActiveCfg = Release|Any CPU
		{7A839B96-081C-4CA4-876F-3D2D4F085540}.Release|Any CPU.Build.0 = Release|Any CPU
	EndGlobalSection
	GlobalSection(SolutionProperties) = preSolution
		HideSolutionNode = FALSE
	EndGlobalSection
	GlobalSection(ExtensibilityGlobals) = postSolution
		SolutionGuid = {E0AD3CA9-D026-4F12-9BFC-12D065599481}
	EndGlobalSection
EndGlobal
